
Microsoft Visual Studio Solution File, Format Version 12.00
# Visual Studio Version 17
VisualStudioVersion = 17.5.002.0
MinimumVisualStudioVersion = 10.0.40219.1
Project("{9A19103F-16F7-4668-BE54-9A1E7A4F7556}") = "Atividade", "Atividade.csproj", "{6E335827-2F6F-4E17-9B18-913553E300BE}"
EndProject
Global
	GlobalSection(SolutionConfigurationPlatforms) = preSolution
		Debug|Any CPU = Debug|Any CPU
		Release|Any CPU = Release|Any CPU
	EndGlobalSection
	GlobalSection(ProjectConfigurationPlatforms) = postSolution
		{6E335827-2F6F-4E17-9B18-913553E300BE}.Debug|Any CPU.ActiveCfg = Debug|Any CPU
		{6E335827-2F6F-4E17-9B18-913553E300BE}.Debug|Any CPU.Build.0 = Debug|Any CPU
		{6E335827-2F6F-4E17-9B18-913553E300BE}.Release|Any CPU.ActiveCfg = Release|Any CPU
		{6E335827-2F6F-4E17-9B18-913553E300BE}.Release|Any CPU.Build.0 = Release|Any CPU
	EndGlobalSection
	GlobalSection(SolutionProperties) = preSolution
		HideSolutionNode = FALSE
	EndGlobalSection
	GlobalSection(ExtensibilityGlobals) = postSolution
		SolutionGuid = {C2050E62-6281-4307-A464-6D719F4D786F}
	EndGlobalSection
EndGlobal
